
Microsoft Visual Studio Solution File, Format Version 12.00
# Visual Studio 15
Project("{FAE04EC0-301F-11D3-BF4B-00C04F79EFBC}") = "KSchedulerConsole", "KSchedulerConsole\KSchedulerConsole.csproj", "{19EE2779-EEE6-4563-AC3A-D6014FABEA8C}"
EndProject
Project("{FAE04EC0-301F-11D3-BF4B-00C04F79EFBC}") = "Scheduler", "Scheduler\Scheduler.csproj", "{721CBFB1-6C7C-4B6A-B308-7E8C6271848E}"
EndProject
Global
	GlobalSection(SolutionConfigurationPlatforms) = preSolution
		Debug|Any CPU = Debug|Any CPU
		Release|Any CPU = Release|Any CPU
	EndGlobalSection
	GlobalSection(ProjectConfigurationPlatforms) = postSolution
		{19EE2779-EEE6-4563-AC3A-D6014FABEA8C}.Debug|Any CPU.ActiveCfg = Debug|Any CPU
		{19EE2779-EEE6-4563-AC3A-D6014FABEA8C}.Debug|Any CPU.Build.0 = Debug|Any CPU
		{19EE2779-EEE6-4563-AC3A-D6014FABEA8C}.Release|Any CPU.ActiveCfg = Release|Any CPU
		{19EE2779-EEE6-4563-AC3A-D6014FABEA8C}.Release|Any CPU.Build.0 = Release|Any CPU
		{721CBFB1-6C7C-4B6A-B308-7E8C6271848E}.Debug|Any CPU.ActiveCfg = Debug|Any CPU
		{721CBFB1-6C7C-4B6A-B308-7E8C6271848E}.Debug|Any CPU.Build.0 = Debug|Any CPU
		{721CBFB1-6C7C-4B6A-B308-7E8C6271848E}.Release|Any CPU.ActiveCfg = Release|Any CPU
		{721CBFB1-6C7C-4B6A-B308-7E8C6271848E}.Release|Any CPU.Build.0 = Release|Any CPU
	EndGlobalSection
EndGlobal
